Microsoft Visual Studio Solution File, Format Version 11.00
# Visual Studio 2008

Project("{09223D8B-66C0-EE1D-FEB4-C58B2665037E}") = "Rift", "Assembly-CSharp-firstpass.csproj", "{50993E6C-1D50-F157-D03F-18FF5BD038B0}"
EndProject
Project("{09223D8B-66C0-EE1D-FEB4-C58B2665037E}") = "Rift", "Assembly-CSharp.csproj", "{C8A2E093-2914-4CE3-DA4E-E12E6EA5B2AA}"
EndProject
Project("{09223D8B-66C0-EE1D-FEB4-C58B2665037E}") = "Rift", "Assembly-CSharp-Editor.csproj", "{DCB97059-0A9C-C689-96C2-BC83471EE00E}"
EndProject
Project("{09223D8B-66C0-EE1D-FEB4-C58B2665037E}") = "Rift", "Assembly-UnityScript-firstpass.unityproj", "{97D749A5-45FB-D24A-DBA3-F59F6CFBC372}"
EndProject
Project("{09223D8B-66C0-EE1D-FEB4-C58B2665037E}") = "Rift", "Assembly-UnityScript.unityproj", "{D4D70D0A-4763-911B-16BA-E099ACB39B40}"
EndProject
Global
	GlobalSection(SolutionConfigurationPlatforms) = preSolution
		Debug|Any CPU = Debug|Any CPU
		Release|Any CPU = Release|Any CPU
	EndGlobalSection
	GlobalSection(ProjectConfigurationPlatforms) = postSolution
		{50993E6C-1D50-F157-D03F-18FF5BD038B0}.Debug|Any CPU.ActiveCfg = Debug|Any CPU
		{50993E6C-1D50-F157-D03F-18FF5BD038B0}.Debug|Any CPU.Build.0 = Debug|Any CPU
		{50993E6C-1D50-F157-D03F-18FF5BD038B0}.Release|Any CPU.ActiveCfg = Release|Any CPU
		{50993E6C-1D50-F157-D03F-18FF5BD038B0}.Release|Any CPU.Build.0 = Release|Any CPU
		{C8A2E093-2914-4CE3-DA4E-E12E6EA5B2AA}.Debug|Any CPU.ActiveCfg = Debug|Any CPU
		{C8A2E093-2914-4CE3-DA4E-E12E6EA5B2AA}.Debug|Any CPU.Build.0 = Debug|Any CPU
		{C8A2E093-2914-4CE3-DA4E-E12E6EA5B2AA}.Release|Any CPU.ActiveCfg = Release|Any CPU
		{C8A2E093-2914-4CE3-DA4E-E12E6EA5B2AA}.Release|Any CPU.Build.0 = Release|Any CPU
		{DCB97059-0A9C-C689-96C2-BC83471EE00E}.Debug|Any CPU.ActiveCfg = Debug|Any CPU
		{DCB97059-0A9C-C689-96C2-BC83471EE00E}.Debug|Any CPU.Build.0 = Debug|Any CPU
		{DCB97059-0A9C-C689-96C2-BC83471EE00E}.Release|Any CPU.ActiveCfg = Release|Any CPU
		{DCB97059-0A9C-C689-96C2-BC83471EE00E}.Release|Any CPU.Build.0 = Release|Any CPU
		{97D749A5-45FB-D24A-DBA3-F59F6CFBC372}.Debug|Any CPU.ActiveCfg = Debug|Any CPU
		{97D749A5-45FB-D24A-DBA3-F59F6CFBC372}.Debug|Any CPU.Build.0 = Debug|Any CPU
		{97D749A5-45FB-D24A-DBA3-F59F6CFBC372}.Release|Any CPU.ActiveCfg = Release|Any CPU
		{97D749A5-45FB-D24A-DBA3-F59F6CFBC372}.Release|Any CPU.Build.0 = Release|Any CPU
		{D4D70D0A-4763-911B-16BA-E099ACB39B40}.Debug|Any CPU.ActiveCfg = Debug|Any CPU
		{D4D70D0A-4763-911B-16BA-E099ACB39B40}.Debug|Any CPU.Build.0 = Debug|Any CPU
		{D4D70D0A-4763-911B-16BA-E099ACB39B40}.Release|Any CPU.ActiveCfg = Release|Any CPU
		{D4D70D0A-4763-911B-16BA-E099ACB39B40}.Release|Any CPU.Build.0 = Release|Any CPU
	EndGlobalSection
	GlobalSection(SolutionProperties) = preSolution
		HideSolutionNode = FALSE
	EndGlobalSection
																																													GlobalSection(MonoDevelopProperties) = preSolution
		StartupItem = Assembly-CSharp.csproj
		Policies = $0
		$0.TextStylePolicy = $1
		$1.inheritsSet = null
		$1.scope = text/x-csharp
		$0.CSharpFormattingPolicy = $2
		$2.inheritsSet = Mono
		$2.inheritsScope = text/x-csharp
		$2.scope = text/x-csharp
		$0.TextStylePolicy = $3
		$3.FileWidth = 120
		$3.TabWidth = 4
		$3.EolMarker = Unix
		$3.inheritsSet = Mono
		$3.inheritsScope = text/plain
		$3.scope = text/plain
	EndGlobalSection

EndGlobal
